
Microsoft Visual Studio Solution File, Format Version 12.00
# Visual Studio 15
VisualStudioVersion = 15.0.26124.0
MinimumVisualStudioVersion = 15.0.26124.0
Project("{2150E333-8FDC-42A3-9474-1A3956D46DE8}") = "Code", "Code", "{0426327E-11FE-44D8-BFD2-A1650B6B08FF}"
EndProject
Project("{FAE04EC0-301F-11D3-BF4B-00C04F79EFBC}") = "BackendDotnet.Api", "Code\BackendDotnet.Api\BackendDotnet.Api.csproj", "{6179B7FA-3DE8-4C57-A39C-44F24366DC06}"
EndProject
Project("{FAE04EC0-301F-11D3-BF4B-00C04F79EFBC}") = "BackendDotnet.Business", "Code\BackendDotnet.Business\BackendDotnet.Business.csproj", "{CAC6E23A-9CF8-4D52-8692-B40E3A081055}"
EndProject
Project("{FAE04EC0-301F-11D3-BF4B-00C04F79EFBC}") = "BackendDotnet.Data", "Code\BackendDotnet.Data\BackendDotnet.Data.csproj", "{4BBDCD97-CC59-4F9F-8AA2-2681D31592F4}"
EndProject
Project("{FAE04EC0-301F-11D3-BF4B-00C04F79EFBC}") = "BackendDotnet.Entities", "Code\BackendDotnet.Entities\BackendDotnet.Entities.csproj", "{29D9F455-7FCC-4FC9-84C8-A0DB7281F766}"
EndProject
Project("{FAE04EC0-301F-11D3-BF4B-00C04F79EFBC}") = "BackendDotnet.Test.Api", "Code\BackendDotnet.Test.Api\BackendDotnet.Test.Api.csproj", "{9655A859-7D26-46F5-9E10-C54DD3D6F9C2}"
EndProject
Project("{FAE04EC0-301F-11D3-BF4B-00C04F79EFBC}") = "BackendDotnet.Test.Business", "Code\BackendDotnet.Test.Business\BackendDotnet.Test.Business.csproj", "{B9AB6D5C-E352-4D64-8F00-D25FD1C44420}"
EndProject
Project("{FAE04EC0-301F-11D3-BF4B-00C04F79EFBC}") = "BackendDotnet.Test.Framework", "Code\BackendDotnet.Test.Framework\BackendDotnet.Test.Framework.csproj", "{CD342425-F5D2-49AC-82E9-77273622752D}"
EndProject
Project("{2150E333-8FDC-42A3-9474-1A3956D46DE8}") = "Test", "Test", "{6BF1C1DC-0449-4F23-803D-F11B1D0C6847}"
EndProject
Global
	GlobalSection(SolutionConfigurationPlatforms) = preSolution
		Debug|Any CPU = Debug|Any CPU
		Debug|x64 = Debug|x64
		Debug|x86 = Debug|x86
		Release|Any CPU = Release|Any CPU
		Release|x64 = Release|x64
		Release|x86 = Release|x86
	EndGlobalSection
	GlobalSection(SolutionProperties) = preSolution
		HideSolutionNode = FALSE
	EndGlobalSection
	GlobalSection(ProjectConfigurationPlatforms) = postSolution
		{6179B7FA-3DE8-4C57-A39C-44F24366DC06}.Debug|Any CPU.ActiveCfg = Debug|Any CPU
		{6179B7FA-3DE8-4C57-A39C-44F24366DC06}.Debug|Any CPU.Build.0 = Debug|Any CPU
		{6179B7FA-3DE8-4C57-A39C-44F24366DC06}.Debug|x64.ActiveCfg = Debug|Any CPU
		{6179B7FA-3DE8-4C57-A39C-44F24366DC06}.Debug|x64.Build.0 = Debug|Any CPU
		{6179B7FA-3DE8-4C57-A39C-44F24366DC06}.Debug|x86.ActiveCfg = Debug|Any CPU
		{6179B7FA-3DE8-4C57-A39C-44F24366DC06}.Debug|x86.Build.0 = Debug|Any CPU
		{6179B7FA-3DE8-4C57-A39C-44F24366DC06}.Release|Any CPU.ActiveCfg = Release|Any CPU
		{6179B7FA-3DE8-4C57-A39C-44F24366DC06}.Release|Any CPU.Build.0 = Release|Any CPU
		{6179B7FA-3DE8-4C57-A39C-44F24366DC06}.Release|x64.ActiveCfg = Release|Any CPU
		{6179B7FA-3DE8-4C57-A39C-44F24366DC06}.Release|x64.Build.0 = Release|Any CPU
		{6179B7FA-3DE8-4C57-A39C-44F24366DC06}.Release|x86.ActiveCfg = Release|Any CPU
		{6179B7FA-3DE8-4C57-A39C-44F24366DC06}.Release|x86.Build.0 = Release|Any CPU
		{CAC6E23A-9CF8-4D52-8692-B40E3A081055}.Debug|Any CPU.ActiveCfg = Debug|Any CPU
		{CAC6E23A-9CF8-4D52-8692-B40E3A081055}.Debug|Any CPU.Build.0 = Debug|Any CPU
		{CAC6E23A-9CF8-4D52-8692-B40E3A081055}.Debug|x64.ActiveCfg = Debug|Any CPU
		{CAC6E23A-9CF8-4D52-8692-B40E3A081055}.Debug|x64.Build.0 = Debug|Any CPU
		{CAC6E23A-9CF8-4D52-8692-B40E3A081055}.Debug|x86.ActiveCfg = Debug|Any CPU
		{CAC6E23A-9CF8-4D52-8692-B40E3A081055}.Debug|x86.Build.0 = Debug|Any CPU
		{CAC6E23A-9CF8-4D52-8692-B40E3A081055}.Release|Any CPU.ActiveCfg = Release|Any CPU
		{CAC6E23A-9CF8-4D52-8692-B40E3A081055}.Release|Any CPU.Build.0 = Release|Any CPU
		{CAC6E23A-9CF8-4D52-8692-B40E3A081055}.Release|x64.ActiveCfg = Release|Any CPU
		{CAC6E23A-9CF8-4D52-8692-B40E3A081055}.Release|x64.Build.0 = Release|Any CPU
		{CAC6E23A-9CF8-4D52-8692-B40E3A081055}.Release|x86.ActiveCfg = Release|Any CPU
		{CAC6E23A-9CF8-4D52-8692-B40E3A081055}.Release|x86.Build.0 = Release|Any CPU
		{4BBDCD97-CC59-4F9F-8AA2-2681D31592F4}.Debug|Any CPU.ActiveCfg = Debug|Any CPU
		{4BBDCD97-CC59-4F9F-8AA2-2681D31592F4}.Debug|Any CPU.Build.0 = Debug|Any CPU
		{4BBDCD97-CC59-4F9F-8AA2-2681D31592F4}.Debug|x64.ActiveCfg = Debug|Any CPU
		{4BBDCD97-CC59-4F9F-8AA2-2681D31592F4}.Debug|x64.Build.0 = Debug|Any CPU
		{4BBDCD97-CC59-4F9F-8AA2-2681D31592F4}.Debug|x86.ActiveCfg = Debug|Any CPU
		{4BBDCD97-CC59-4F9F-8AA2-2681D31592F4}.Debug|x86.Build.0 = Debug|Any CPU
		{4BBDCD97-CC59-4F9F-8AA2-2681D31592F4}.Release|Any CPU.ActiveCfg = Release|Any CPU
		{4BBDCD97-CC59-4F9F-8AA2-2681D31592F4}.Release|Any CPU.Build.0 = Release|Any CPU
		{4BBDCD97-CC59-4F9F-8AA2-2681D31592F4}.Release|x64.ActiveCfg = Release|Any CPU
		{4BBDCD97-CC59-4F9F-8AA2-2681D31592F4}.Release|x64.Build.0 = Release|Any CPU
		{4BBDCD97-CC59-4F9F-8AA2-2681D31592F4}.Release|x86.ActiveCfg = Release|Any CPU
		{4BBDCD97-CC59-4F9F-8AA2-2681D31592F4}.Release|x86.Build.0 = Release|Any CPU
		{29D9F455-7FCC-4FC9-84C8-A0DB7281F766}.Debug|Any CPU.ActiveCfg = Debug|Any CPU
		{29D9F455-7FCC-4FC9-84C8-A0DB7281F766}.Debug|Any CPU.Build.0 = Debug|Any CPU
		{29D9F455-7FCC-4FC9-84C8-A0DB7281F766}.Debug|x64.ActiveCfg = Debug|Any CPU
		{29D9F455-7FCC-4FC9-84C8-A0DB7281F766}.Debug|x64.Build.0 = Debug|Any CPU
		{29D9F455-7FCC-4FC9-84C8-A0DB7281F766}.Debug|x86.ActiveCfg = Debug|Any CPU
		{29D9F455-7FCC-4FC9-84C8-A0DB7281F766}.Debug|x86.Build.0 = Debug|Any CPU
		{29D9F455-7FCC-4FC9-84C8-A0DB7281F766}.Release|Any CPU.ActiveCfg = Release|Any CPU
		{29D9F455-7FCC-4FC9-84C8-A0DB7281F766}.Release|Any CPU.Build.0 = Release|Any CPU
		{29D9F455-7FCC-4FC9-84C8-A0DB7281F766}.Release|x64.ActiveCfg = Release|Any CPU
		{29D9F455-7FCC-4FC9-84C8-A0DB7281F766}.Release|x64.Build.0 = Release|Any CPU
		{29D9F455-7FCC-4FC9-84C8-A0DB7281F766}.Release|x86.ActiveCfg = Release|Any CPU
		{29D9F455-7FCC-4FC9-84C8-A0DB7281F766}.Release|x86.Build.0 = Release|Any CPU
		{9655A859-7D26-46F5-9E10-C54DD3D6F9C2}.Debug|Any CPU.ActiveCfg = Debug|Any CPU
		{9655A859-7D26-46F5-9E10-C54DD3D6F9C2}.Debug|Any CPU.Build.0 = Debug|Any CPU
		{9655A859-7D26-46F5-9E10-C54DD3D6F9C2}.Debug|x64.ActiveCfg = Debug|Any CPU
		{9655A859-7D26-46F5-9E10-C54DD3D6F9C2}.Debug|x64.Build.0 = Debug|Any CPU
		{9655A859-7D26-46F5-9E10-C54DD3D6F9C2}.Debug|x86.ActiveCfg = Debug|Any CPU
		{9655A859-7D26-46F5-9E10-C54DD3D6F9C2}.Debug|x86.Build.0 = Debug|Any CPU
		{9655A859-7D26-46F5-9E10-C54DD3D6F9C2}.Release|Any CPU.ActiveCfg = Release|Any CPU
		{9655A859-7D26-46F5-9E10-C54DD3D6F9C2}.Release|Any CPU.Build.0 = Release|Any CPU
		{9655A859-7D26-46F5-9E10-C54DD3D6F9C2}.Release|x64.ActiveCfg = Release|Any CPU
		{9655A859-7D26-46F5-9E10-C54DD3D6F9C2}.Release|x64.Build.0 = Release|Any CPU
		{9655A859-7D26-46F5-9E10-C54DD3D6F9C2}.Release|x86.ActiveCfg = Release|Any CPU
		{9655A859-7D26-46F5-9E10-C54DD3D6F9C2}.Release|x86.Build.0 = Release|Any CPU
		{B9AB6D5C-E352-4D64-8F00-D25FD1C44420}.Debug|Any CPU.ActiveCfg = Debug|Any CPU
		{B9AB6D5C-E352-4D64-8F00-D25FD1C44420}.Debug|Any CPU.Build.0 = Debug|Any CPU
		{B9AB6D5C-E352-4D64-8F00-D25FD1C44420}.Debug|x64.ActiveCfg = Debug|Any CPU
		{B9AB6D5C-E352-4D64-8F00-D25FD1C44420}.Debug|x64.Build.0 = Debug|Any CPU
		{B9AB6D5C-E352-4D64-8F00-D25FD1C44420}.Debug|x86.ActiveCfg = Debug|Any CPU
		{B9AB6D5C-E352-4D64-8F00-D25FD1C44420}.Debug|x86.Build.0 = Debug|Any CPU
		{B9AB6D5C-E352-4D64-8F00-D25FD1C44420}.Release|Any CPU.ActiveCfg = Release|Any CPU
		{B9AB6D5C-E352-4D64-8F00-D25FD1C44420}.Release|Any CPU.Build.0 = Release|Any CPU
		{B9AB6D5C-E352-4D64-8F00-D25FD1C44420}.Release|x64.ActiveCfg = Release|Any CPU
		{B9AB6D5C-E352-4D64-8F00-D25FD1C44420}.Release|x64.Build.0 = Release|Any CPU
		{B9AB6D5C-E352-4D64-8F00-D25FD1C44420}.Release|x86.ActiveCfg = Release|Any CPU
		{B9AB6D5C-E352-4D64-8F00-D25FD1C44420}.Release|x86.Build.0 = Release|Any CPU
		{CD342425-F5D2-49AC-82E9-77273622752D}.Debug|Any CPU.ActiveCfg = Debug|Any CPU
		{CD342425-F5D2-49AC-82E9-77273622752D}.Debug|Any CPU.Build.0 = Debug|Any CPU
		{CD342425-F5D2-49AC-82E9-77273622752D}.Debug|x64.ActiveCfg = Debug|Any CPU
		{CD342425-F5D2-49AC-82E9-77273622752D}.Debug|x64.Build.0 = Debug|Any CPU
		{CD342425-F5D2-49AC-82E9-77273622752D}.Debug|x86.ActiveCfg = Debug|Any CPU
		{CD342425-F5D2-49AC-82E9-77273622752D}.Debug|x86.Build.0 = Debug|Any CPU
		{CD342425-F5D2-49AC-82E9-77273622752D}.Release|Any CPU.ActiveCfg = Release|Any CPU
		{CD342425-F5D2-49AC-82E9-77273622752D}.Release|Any CPU.Build.0 = Release|Any CPU
		{CD342425-F5D2-49AC-82E9-77273622752D}.Release|x64.ActiveCfg = Release|Any CPU
		{CD342425-F5D2-49AC-82E9-77273622752D}.Release|x64.Build.0 = Release|Any CPU
		{CD342425-F5D2-49AC-82E9-77273622752D}.Release|x86.ActiveCfg = Release|Any CPU
		{CD342425-F5D2-49AC-82E9-77273622752D}.Release|x86.Build.0 = Release|Any CPU
	EndGlobalSection
	GlobalSection(NestedProjects) = preSolution
		{6179B7FA-3DE8-4C57-A39C-44F24366DC06} = {0426327E-11FE-44D8-BFD2-A1650B6B08FF}
		{CAC6E23A-9CF8-4D52-8692-B40E3A081055} = {0426327E-11FE-44D8-BFD2-A1650B6B08FF}
		{4BBDCD97-CC59-4F9F-8AA2-2681D31592F4} = {0426327E-11FE-44D8-BFD2-A1650B6B08FF}
		{29D9F455-7FCC-4FC9-84C8-A0DB7281F766} = {0426327E-11FE-44D8-BFD2-A1650B6B08FF}
		{9655A859-7D26-46F5-9E10-C54DD3D6F9C2} = {6BF1C1DC-0449-4F23-803D-F11B1D0C6847}
		{B9AB6D5C-E352-4D64-8F00-D25FD1C44420} = {6BF1C1DC-0449-4F23-803D-F11B1D0C6847}
		{CD342425-F5D2-49AC-82E9-77273622752D} = {6BF1C1DC-0449-4F23-803D-F11B1D0C6847}
	EndGlobalSection
EndGlobal
